// !$*UTF8*$!
{
	archiveVersion = 1;
	classes = {
	};
	objectVersion = 46;
	objects = {

/* Begin PBXBuildFile section */
		077046731CFB69E90008985C /* AppDelegate.swift in Sources */ = {isa = PBXBuildFile; fileRef = 077046721CFB69E90008985C /* AppDelegate.swift */; };
		077046751CFB69E90008985C /* ViewController.swift in Sources */ = {isa = PBXBuildFile; fileRef = 077046741CFB69E90008985C /* ViewController.swift */; };
		077046771CFB69E90008985C /* Assets.xcassets in Resources */ = {isa = PBXBuildFile; fileRef = 077046761CFB69E90008985C /* Assets.xcassets */; };
		0770467A1CFB69E90008985C /* Main.storyboard in Resources */ = {isa = PBXBuildFile; fileRef = 077046781CFB69E90008985C /* Main.storyboard */; };
/* End PBXBuildFile section */

/* Begin PBXFileReference section */
		0770466F1CFB69E90008985C /* Magic Eight.app */ = {isa = PBXFileReference; explicitFileType = wrapper.application; includeInIndex = 0; path = "Magic Eight.app"; sourceTree = BUILT_PRODUCTS_DIR; };
		077046721CFB69E90008985C /* AppDelegate.swift */ = {isa = PBXFileReference; lastKnownFileType = sourcecode.swift; path = AppDelegate.swift; sourceTree = "<group>"; };
		077046741CFB69E90008985C /* ViewController.swift */ = {isa = PBXFileReference; lastKnownFileType = sourcecode.swift; path = ViewController.swift; sourceTree = "<group>"; };
		077046761CFB69E90008985C /* Assets.xcassets */ = {isa = PBXFileReference; lastKnownFileType = folder.assetcatalog; path = Assets.xcassets; sourceTree = "<group>"; };
		077046791CFB69E90008985C /* Base */ = {isa = PBXFileReference; lastKnownFileType = file.storyboard; name = Base; path = Base.lproj/Main.storyboard; sourceTree = "<group>"; };
		0770467B1CFB69EA0008985C /* Info.plist */ = {isa = PBXFileReference; lastKnownFileType = text.plist.xml; path = Info.plist; sourceTree = "<group>"; };
/* End PBXFileReference section */

/* Begin PBXFrameworksBuildPhase section */
		0770466C1CFB69E90008985C /* Frameworks */ = {
			isa = PBXFrameworksBuildPhase;
			buildActionMask = 2147483647;
			files = (
			);
			runOnlyForDeploymentPostprocessing = 0;
		};
/* End PBXFrameworksBuildPhase section */

/* Begin PBXGroup section */
		077046661CFB69E90008985C = {
			isa = PBXGroup;
			children = (
				077046711CFB69E90008985C /* Magic Eight */,
				077046701CFB69E90008985C /* Products */,
			);
			sourceTree = "<group>";
		};
		077046701CFB69E90008985C /* Products */ = {
			isa = PBXGroup;
			children = (
				0770466F1CFB69E90008985C /* Magic Eight.app */,
			);
			name = Products;
			sourceTree = "<group>";
		};
		077046711CFB69E90008985C /* Magic Eight */ = {
			isa = PBXGroup;
			children = (
				077046721CFB69E90008985C /* AppDelegate.swift */,
				077046741CFB69E90008985C /* ViewController.swift */,
				077046761CFB69E90008985C /* Assets.xcassets */,
				077046781CFB69E90008985C /* Main.storyboard */,
				0770467B1CFB69EA0008985C /* Info.plist */,
			);
			path = "Magic Eight";
			sourceTree = "<group>";
		};
/* End PBXGroup section */

/* Begin PBXNativeTarget section */
		0770466E1CFB69E90008985C /* Magic Eight */ = {
			isa = PBXNativeTarget;
			buildConfigurationList = 0770467E1CFB69EA0008985C /* Build configuration list for PBXNativeTarget "Magic Eight" */;
			buildPhases = (
				0770466B1CFB69E90008985C /* Sources */,
				0770466C1CFB69E90008985C /* Frameworks */,
				0770466D1CFB69E90008985C /* Resources */,
			);
			buildRules = (
			);
			dependencies = (
			);
			name = "Magic Eight";
			productName = "Magic Eight";
			productReference = 0770466F1CFB69E90008985C /* Magic Eight.app */;
			productType = "com.apple.product-type.application";
		};
/* End PBXNativeTarget section */

/* Begin PBXProject section */
		077046671CFB69E90008985C /* Project object */ = {
			isa = PBXProject;
			attributes = {
				LastUpgradeCheck = 0700;
				ORGANIZATIONNAME = Roggmatz;
				TargetAttributes = {
					0770466E1CFB69E90008985C = {
						CreatedOnToolsVersion = 7.0;
					};
				};
			};
			buildConfigurationList = 0770466A1CFB69E90008985C /* Build configuration list for PBXProject "Magic Eight" */;
			compatibilityVersion = "Xcode 3.2";
			developmentRegion = English;
			hasScannedForEncodings = 0;
			knownRegions = (
				en,
				Base,
			);
			mainGroup = 077046661CFB69E90008985C;
			productRefGroup = 077046701CFB69E90008985C /* Products */;
			projectDirPath = "";
			projectRoot = "";
			targets = (
				0770466E1CFB69E90008985C /* Magic Eight */,
			);
		};
/* End PBXProject section */

/* Begin PBXResourcesBuildPhase section */
		0770466D1CFB69E90008985C /* Resources */ = {
			isa = PBXResourcesBuildPhase;
			buildActionMask = 2147483647;
			files = (
				077046771CFB69E90008985C /* Assets.xcassets in Resources */,
				0770467A1CFB69E90008985C /* Main.storyboard in Resources */,
			);
			runOnlyForDeploymentPostprocessing = 0;
		};
/* End PBXResourcesBuildPhase section */

/* Begin PBXSourcesBuildPhase section */
		0770466B1CFB69E90008985C /* Sources */ = {
			isa = PBXSourcesBuildPhase;
			buildActionMask = 2147483647;
			files = (
				077046751CFB69E90008985C /* ViewController.swift in Sources */,
				077046731CFB69E90008985C /* AppDelegate.swift in Sources */,
			);
			runOnlyForDeploymentPostprocessing = 0;
		};
/* End PBXSourcesBuildPhase section */

/* Begin PBXVariantGroup section */
		077046781CFB69E90008985C /* Main.storyboard */ = {
			isa = PBXVariantGroup;
			children = (
				077046791CFB69E90008985C /* Base */,
			);
			name = Main.storyboard;
			sourceTree = "<group>";
		};
/* End PBXVariantGroup section */

/* Begin XCBuildConfiguration section */
		0770467C1CFB69EA0008985C /* Debug */ = {
			isa = XCBuildConfiguration;
			buildSettings = {
				ALWAYS_SEARCH_USER_PATHS = NO;
				CLANG_CXX_LANGUAGE_STANDARD = "gnu++0x";
				CLANG_CXX_LIBRARY = "libc++";
				CLANG_ENABLE_MODULES = YES;
				CLANG_ENABLE_OBJC_ARC = YES;
				CLANG_WARN_BOOL_CONVERSION = YES;
				CLANG_WARN_CONSTANT_CONVERSION = YES;
				CLANG_WARN_DIRECT_OBJC_ISA_USAGE = YES_ERROR;
				CLANG_WARN_EMPTY_BODY = YES;
				CLANG_WARN_ENUM_CONVERSION = YES;
				CLANG_WARN_INT_CONVERSION = YES;
				CLANG_WARN_OBJC_ROOT_CLASS = YES_ERROR;
				CLANG_WARN_UNREACHABLE_CODE = YES;
				CLANG_WARN__DUPLICATE_METHOD_MATCH = YES;
				CODE_SIGN_IDENTITY = "-";
				COPY_PHASE_STRIP = NO;
				DEBUG_INFORMATION_FORMAT = dwarf;
				ENABLE_STRICT_OBJC_MSGSEND = YES;
				ENABLE_TESTABILITY = YES;
				GCC_C_LANGUAGE_STANDARD = gnu99;
				GCC_DYNAMIC_NO_PIC = NO;
				GCC_NO_COMMON_BLOCKS = YES;
				GCC_OPTIMIZATION_LEVEL = 0;
				GCC_PREPROCESSOR_DEFINITIONS = (
					"DEBUG=1",
					"$(inherited)",
				);
				GCC_WARN_64_TO_32_BIT_CONVERSION = YES;
				GCC_WARN_ABOUT_RETURN_TYPE = YES_ERROR;
				GCC_WARN_UNDECLARED_SELECTOR = YES;
				GCC_WARN_UNINITIALIZED_AUTOS = YES_AGGRESSIVE;
				GCC_WARN_UNUSED_FUNCTION = YES;
				GCC_WARN_UNUSED_VARIABLE = YES;
				MACOSX_DEPLOYMENT_TARGET = 10.11;
				MTL_ENABLE_DEBUG_INFO = YES;
				ONLY_ACTIVE_ARCH = YES;
				SDKROOT = macosx;
				SWIFT_OPTIMIZATION_LEVEL = "-Onone";
			};
			name = Debug;
		};
		0770467D1CFB69EA0008985C /* Release */ = {
			isa = XCBuildConfiguration;
			buildSettings = {
				ALWAYS_SEARCH_USER_PATHS = NO;
				CLANG_CXX_LANGUAGE_STANDARD = "gnu++0x";
				CLANG_CXX_LIBRARY = "libc++";
				CLANG_ENABLE_MODULES = YES;
				CLANG_ENABLE_OBJC_ARC = YES;
				CLANG_WARN_BOOL_CONVERSION = YES;
				CLANG_WARN_CONSTANT_CONVERSION = YES;
				CLANG_WARN_DIRECT_OBJC_ISA_USAGE = YES_ERROR;
				CLANG_WARN_EMPTY_BODY = YES;
				CLANG_WARN_ENUM_CONVERSION = YES;
				CLANG_WARN_INT_CONVERSION = YES;
				CLANG_WARN_OBJC_ROOT_CLASS = YES_ERROR;
				CLANG_WARN_UNREACHABLE_CODE = YES;
				CLANG_WARN__DUPLICATE_METHOD_MATCH = YES;
				CODE_SIGN_IDENTITY = "-";
				COPY_PHASE_STRIP = NO;
				DEBUG_INFORMATION_FORMAT = "dwarf-with-dsym";
				ENABLE_NS_ASSERTIONS = NO;
				ENABLE_STRICT_OBJC_MSGSEND = YES;
				GCC_C_LANGUAGE_STANDARD = gnu99;
				GCC_NO_COMMON_BLOCKS = YES;
				GCC_WARN_64_TO_32_BIT_CONVERSION = YES;
				GCC_WARN_ABOUT_RETURN_TYPE = YES_ERROR;
				GCC_WARN_UNDECLARED_SELECTOR = YES;
				GCC_WARN_UNINITIALIZED_AUTOS = YES_AGGRESSIVE;
				GCC_WARN_UNUSED_FUNCTION = YES;
				GCC_WARN_UNUSED_VARIABLE = YES;
				MACOSX_DEPLOYMENT_TARGET = 10.11;
				MTL_ENABLE_DEBUG_INFO = NO;
				SDKROOT = macosx;
			};
			name = Release;
		};
		0770467F1CFB69EA0008985C /* Debug */ = {
			isa = XCBuildConfiguration;
			buildSettings = {
				ASSETCATALOG_COMPILER_APPICON_NAME = AppIcon;
				COMBINE_HIDPI_IMAGES = YES;
				INFOPLIST_FILE = "Magic Eight/Info.plist";
				LD_RUNPATH_SEARCH_PATHS = "$(inherited) @executable_path/../Frameworks";
				PRODUCT_BUNDLE_IDENTIFIER = "com.roggmatz.Magic-Eight";
				PRODUCT_NAME = "$(TARGET_NAME)";
			};
			name = Debug;
		};
		077046801CFB69EA0008985C /* Release */ = {
			isa = XCBuildConfiguration;
			buildSettings = {
				ASSETCATALOG_COMPILER_APPICON_NAME = AppIcon;
				COMBINE_HIDPI_IMAGES = YES;
				INFOPLIST_FILE = "Magic Eight/Info.plist";
				LD_RUNPATH_SEARCH_PATHS = "$(inherited) @executable_path/../Frameworks";
				PRODUCT_BUNDLE_IDENTIFIER = "com.roggmatz.Magic-Eight";
				PRODUCT_NAME = "$(TARGET_NAME)";
			};
			name = Release;
		};
/* End XCBuildConfiguration section */

/* Begin XCConfigurationList section */
		0770466A1CFB69E90008985C /* Build configuration list for PBXProject "Magic Eight" */ = {
			isa = XCConfigurationList;
			buildConfigurations = (
				0770467C1CFB69EA0008985C /* Debug */,
				0770467D1CFB69EA0008985C /* Release */,
			);
			defaultConfigurationIsVisible = 0;
			defaultConfigurationName = Release;
		};
		0770467E1CFB69EA0008985C /* Build configuration list for PBXNativeTarget "Magic Eight" */ = {
			isa = XCConfigurationList;
			buildConfigurations = (
				0770467F1CFB69EA0008985C /* Debug */,
				077046801CFB69EA0008985C /* Release */,
			);
			defaultConfigurationIsVisible = 0;
		};
/* End XCConfigurationList section */
	};
	rootObject = 077046671CFB69E90008985C /* Project object */;
}
